
Microsoft Visual Studio Solution File, Format Version 12.00
# Visual Studio 15
VisualStudioVersion = 15.0.27703.2000
MinimumVisualStudioVersion = 10.0.40219.1
Project("{FAE04EC0-301F-11D3-BF4B-00C04F79EFBC}") = "CodingInterviewExamples", "CodingInterviewExamples\CodingInterviewExamples.csproj", "{5E9DCC2A-0C53-422A-B8EF-9058E632D667}"
EndProject
Project("{FAE04EC0-301F-11D3-BF4B-00C04F79EFBC}") = "CodingTest", "CodingTest\CodingTest.csproj", "{E9B93C04-E8A0-4A0D-8C89-E0F6E076D712}"
EndProject
Global
	GlobalSection(SolutionConfigurationPlatforms) = preSolution
		Debug|Any CPU = Debug|Any CPU
		Release|Any CPU = Release|Any CPU
	EndGlobalSection
	GlobalSection(ProjectConfigurationPlatforms) = postSolution
		{5E9DCC2A-0C53-422A-B8EF-9058E632D667}.Debug|Any CPU.ActiveCfg = Debug|Any CPU
		{5E9DCC2A-0C53-422A-B8EF-9058E632D667}.Debug|Any CPU.Build.0 = Debug|Any CPU
		{5E9DCC2A-0C53-422A-B8EF-9058E632D667}.Release|Any CPU.ActiveCfg = Release|Any CPU
		{5E9DCC2A-0C53-422A-B8EF-9058E632D667}.Release|Any CPU.Build.0 = Release|Any CPU
		{E9B93C04-E8A0-4A0D-8C89-E0F6E076D712}.Debug|Any CPU.ActiveCfg = Debug|Any CPU
		{E9B93C04-E8A0-4A0D-8C89-E0F6E076D712}.Debug|Any CPU.Build.0 = Debug|Any CPU
		{E9B93C04-E8A0-4A0D-8C89-E0F6E076D712}.Release|Any CPU.ActiveCfg = Release|Any CPU
		{E9B93C04-E8A0-4A0D-8C89-E0F6E076D712}.Release|Any CPU.Build.0 = Release|Any CPU
	EndGlobalSection
	GlobalSection(SolutionProperties) = preSolution
		HideSolutionNode = FALSE
	EndGlobalSection
	GlobalSection(ExtensibilityGlobals) = postSolution
		SolutionGuid = {83ADD1F5-A2B0-42B3-BCDF-1DB6999847FE}
	EndGlobalSection
EndGlobal
